# THIS IS AN AUTOGENERATED FILE. DO NOT EDIT THIS FILE DIRECTLY.
# yarn lockfile v1


"@prisma/cli@^2.0.0-beta.2":
  version "2.0.0-beta.2"
  resolved "https://registry.yarnpkg.com/@prisma/cli/-/cli-2.0.0-beta.2.tgz#5252cbe458fd7de479a6697ab5cffd1659a5762c"
  integrity sha512-lD0cv/YC4g4SKByxH3hvzX1oS9cjRdCDU1Sh2inATaKcTHWPlxxgXQW4yYU2FF/HSWR9KK6YMAdO3ShkOl1PEQ==

"@prisma/client@^2.0.0-beta.2":
  version "2.0.0-beta.2"
  resolved "https://registry.yarnpkg.com/@prisma/client/-/client-2.0.0-beta.2.tgz#dd7b357f65e8100cd6cc1b610d848b72217640bb"
  integrity sha512-VhNYeeGTrFfLjB/JL7XPoWpxSTCb+YV+F3ggR1X0CGa4b/u6Kxy65aElLozs+yFdMQPVNkyg2PwUO8xQ7G9fpg==
